// !$*UTF8*$!
{
	archiveVersion = 1;
	classes = {
	};
	objectVersion = 50;
	objects = {

/* Begin PBXBuildFile section */
		FB1273A9216939C000CD5843 /* AppDelegate.swift in Sources */ = {isa = PBXBuildFile; fileRef = FB1273A8216939C000CD5843 /* AppDelegate.swift */; };
		FB1273AB216939C000CD5843 /* ViewController.swift in Sources */ = {isa = PBXBuildFile; fileRef = FB1273AA216939C000CD5843 /* ViewController.swift */; };
		FB1273AE216939C000CD5843 /* Main.storyboard in Resources */ = {isa = PBXBuildFile; fileRef = FB1273AC216939C000CD5843 /* Main.storyboard */; };
		FB1273B0216939C300CD5843 /* Assets.xcassets in Resources */ = {isa = PBXBuildFile; fileRef = FB1273AF216939C300CD5843 /* Assets.xcassets */; };
		FB1273B3216939C300CD5843 /* LaunchScreen.storyboard in Resources */ = {isa = PBXBuildFile; fileRef = FB1273B1216939C300CD5843 /* LaunchScreen.storyboard */; };
		FB1273BB21693B7F00CD5843 /* PersistenceManager.swift in Sources */ = {isa = PBXBuildFile; fileRef = FB1273BA21693B7F00CD5843 /* PersistenceManager.swift */; };
		FB1273BD21693BC000CD5843 /* ViewControllerLogin.swift in Sources */ = {isa = PBXBuildFile; fileRef = FB1273BC21693BC000CD5843 /* ViewControllerLogin.swift */; };
		FB1273BF21693E5D00CD5843 /* ViewControllerHome.swift in Sources */ = {isa = PBXBuildFile; fileRef = FB1273BE21693E5D00CD5843 /* ViewControllerHome.swift */; };
		FB1273C12169415900CD5843 /* CelulaController.swift in Sources */ = {isa = PBXBuildFile; fileRef = FB1273C02169415900CD5843 /* CelulaController.swift */; };
		FB1273C3216948BD00CD5843 /* ViewControllerDetail.swift in Sources */ = {isa = PBXBuildFile; fileRef = FB1273C2216948BD00CD5843 /* ViewControllerDetail.swift */; };
		FB1273C521694C5100CD5843 /* ViewControllerSobre.swift in Sources */ = {isa = PBXBuildFile; fileRef = FB1273C421694C5100CD5843 /* ViewControllerSobre.swift */; };
/* End PBXBuildFile section */

/* Begin PBXFileReference section */
		FB1273A5216939C000CD5843 /* iPlayFadep.app */ = {isa = PBXFileReference; explicitFileType = wrapper.application; includeInIndex = 0; path = iPlayFadep.app; sourceTree = BUILT_PRODUCTS_DIR; };
		FB1273A8216939C000CD5843 /* AppDelegate.swift */ = {isa = PBXFileReference; lastKnownFileType = sourcecode.swift; path = AppDelegate.swift; sourceTree = "<group>"; };
		FB1273AA216939C000CD5843 /* ViewController.swift */ = {isa = PBXFileReference; lastKnownFileType = sourcecode.swift; path = ViewController.swift; sourceTree = "<group>"; };
		FB1273AD216939C000CD5843 /* Base */ = {isa = PBXFileReference; lastKnownFileType = file.storyboard; name = Base; path = Base.lproj/Main.storyboard; sourceTree = "<group>"; };
		FB1273AF216939C300CD5843 /* Assets.xcassets */ = {isa = PBXFileReference; lastKnownFileType = folder.assetcatalog; path = Assets.xcassets; sourceTree = "<group>"; };
		FB1273B2216939C300CD5843 /* Base */ = {isa = PBXFileReference; lastKnownFileType = file.storyboard; name = Base; path = Base.lproj/LaunchScreen.storyboard; sourceTree = "<group>"; };
		FB1273B4216939C300CD5843 /* Info.plist */ = {isa = PBXFileReference; lastKnownFileType = text.plist.xml; path = Info.plist; sourceTree = "<group>"; };
		FB1273BA21693B7F00CD5843 /* PersistenceManager.swift */ = {isa = PBXFileReference; lastKnownFileType = sourcecode.swift; path = PersistenceManager.swift; sourceTree = "<group>"; };
		FB1273BC21693BC000CD5843 /* ViewControllerLogin.swift */ = {isa = PBXFileReference; lastKnownFileType = sourcecode.swift; path = ViewControllerLogin.swift; sourceTree = "<group>"; };
		FB1273BE21693E5D00CD5843 /* ViewControllerHome.swift */ = {isa = PBXFileReference; lastKnownFileType = sourcecode.swift; path = ViewControllerHome.swift; sourceTree = "<group>"; };
		FB1273C02169415900CD5843 /* CelulaController.swift */ = {isa = PBXFileReference; lastKnownFileType = sourcecode.swift; path = CelulaController.swift; sourceTree = "<group>"; };
		FB1273C2216948BD00CD5843 /* ViewControllerDetail.swift */ = {isa = PBXFileReference; lastKnownFileType = sourcecode.swift; path = ViewControllerDetail.swift; sourceTree = "<group>"; };
		FB1273C421694C5100CD5843 /* ViewControllerSobre.swift */ = {isa = PBXFileReference; lastKnownFileType = sourcecode.swift; path = ViewControllerSobre.swift; sourceTree = "<group>"; };
/* End PBXFileReference section */

/* Begin PBXFrameworksBuildPhase section */
		FB1273A2216939C000CD5843 /* Frameworks */ = {
			isa = PBXFrameworksBuildPhase;
			buildActionMask = 2147483647;
			files = (
			);
			runOnlyForDeploymentPostprocessing = 0;
		};
/* End PBXFrameworksBuildPhase section */

/* Begin PBXGroup section */
		FB12739C216939C000CD5843 = {
			isa = PBXGroup;
			children = (
				FB1273A7216939C000CD5843 /* iPlayFadep */,
				FB1273A6216939C000CD5843 /* Products */,
			);
			sourceTree = "<group>";
		};
		FB1273A6216939C000CD5843 /* Products */ = {
			isa = PBXGroup;
			children = (
				FB1273A5216939C000CD5843 /* iPlayFadep.app */,
			);
			name = Products;
			sourceTree = "<group>";
		};
		FB1273A7216939C000CD5843 /* iPlayFadep */ = {
			isa = PBXGroup;
			children = (
				FB1273A8216939C000CD5843 /* AppDelegate.swift */,
				FB1273AA216939C000CD5843 /* ViewController.swift */,
				FB1273AC216939C000CD5843 /* Main.storyboard */,
				FB1273AF216939C300CD5843 /* Assets.xcassets */,
				FB1273B1216939C300CD5843 /* LaunchScreen.storyboard */,
				FB1273B4216939C300CD5843 /* Info.plist */,
				FB1273BA21693B7F00CD5843 /* PersistenceManager.swift */,
				FB1273BC21693BC000CD5843 /* ViewControllerLogin.swift */,
				FB1273BE21693E5D00CD5843 /* ViewControllerHome.swift */,
				FB1273C02169415900CD5843 /* CelulaController.swift */,
				FB1273C2216948BD00CD5843 /* ViewControllerDetail.swift */,
				FB1273C421694C5100CD5843 /* ViewControllerSobre.swift */,
			);
			path = iPlayFadep;
			sourceTree = "<group>";
		};
/* End PBXGroup section */

/* Begin PBXNativeTarget section */
		FB1273A4216939C000CD5843 /* iPlayFadep */ = {
			isa = PBXNativeTarget;
			buildConfigurationList = FB1273B7216939C300CD5843 /* Build configuration list for PBXNativeTarget "iPlayFadep" */;
			buildPhases = (
				FB1273A1216939C000CD5843 /* Sources */,
				FB1273A2216939C000CD5843 /* Frameworks */,
				FB1273A3216939C000CD5843 /* Resources */,
			);
			buildRules = (
			);
			dependencies = (
			);
			name = iPlayFadep;
			productName = iPlayFadep;
			productReference = FB1273A5216939C000CD5843 /* iPlayFadep.app */;
			productType = "com.apple.product-type.application";
		};
/* End PBXNativeTarget section */

/* Begin PBXProject section */
		FB12739D216939C000CD5843 /* Project object */ = {
			isa = PBXProject;
			attributes = {
				LastSwiftUpdateCheck = 0940;
				LastUpgradeCheck = 0940;
				ORGANIZATIONNAME = fadep;
				TargetAttributes = {
					FB1273A4216939C000CD5843 = {
						CreatedOnToolsVersion = 9.4.1;
					};
				};
			};
			buildConfigurationList = FB1273A0216939C000CD5843 /* Build configuration list for PBXProject "iPlayFadep" */;
			compatibilityVersion = "Xcode 9.3";
			developmentRegion = en;
			hasScannedForEncodings = 0;
			knownRegions = (
				en,
				Base,
			);
			mainGroup = FB12739C216939C000CD5843;
			productRefGroup = FB1273A6216939C000CD5843 /* Products */;
			projectDirPath = "";
			projectRoot = "";
			targets = (
				FB1273A4216939C000CD5843 /* iPlayFadep */,
			);
		};
/* End PBXProject section */

/* Begin PBXResourcesBuildPhase section */
		FB1273A3216939C000CD5843 /* Resources */ = {
			isa = PBXResourcesBuildPhase;
			buildActionMask = 2147483647;
			files = (
				FB1273B3216939C300CD5843 /* LaunchScreen.storyboard in Resources */,
				FB1273B0216939C300CD5843 /* Assets.xcassets in Resources */,
				FB1273AE216939C000CD5843 /* Main.storyboard in Resources */,
			);
			runOnlyForDeploymentPostprocessing = 0;
		};
/* End PBXResourcesBuildPhase section */

/* Begin PBXSourcesBuildPhase section */
		FB1273A1216939C000CD5843 /* Sources */ = {
			isa = PBXSourcesBuildPhase;
			buildActionMask = 2147483647;
			files = (
				FB1273BD21693BC000CD5843 /* ViewControllerLogin.swift in Sources */,
				FB1273C3216948BD00CD5843 /* ViewControllerDetail.swift in Sources */,
				FB1273BB21693B7F00CD5843 /* PersistenceManager.swift in Sources */,
				FB1273AB216939C000CD5843 /* ViewController.swift in Sources */,
				FB1273A9216939C000CD5843 /* AppDelegate.swift in Sources */,
				FB1273BF21693E5D00CD5843 /* ViewControllerHome.swift in Sources */,
				FB1273C521694C5100CD5843 /* ViewControllerSobre.swift in Sources */,
				FB1273C12169415900CD5843 /* CelulaController.swift in Sources */,
			);
			runOnlyForDeploymentPostprocessing = 0;
		};
/* End PBXSourcesBuildPhase section */

/* Begin PBXVariantGroup section */
		FB1273AC216939C000CD5843 /* Main.storyboard */ = {
			isa = PBXVariantGroup;
			children = (
				FB1273AD216939C000CD5843 /* Base */,
			);
			name = Main.storyboard;
			sourceTree = "<group>";
		};
		FB1273B1216939C300CD5843 /* LaunchScreen.storyboard */ = {
			isa = PBXVariantGroup;
			children = (
				FB1273B2216939C300CD5843 /* Base */,
			);
			name = LaunchScreen.storyboard;
			sourceTree = "<group>";
		};
/* End PBXVariantGroup section */

/* Begin XCBuildConfiguration section */
		FB1273B5216939C300CD5843 /* Debug */ = {
			isa = XCBuildConfiguration;
			buildSettings = {
				ALWAYS_SEARCH_USER_PATHS = NO;
				CLANG_ANALYZER_NONNULL = YES;
				CLANG_ANALYZER_NUMBER_OBJECT_CONVERSION = YES_AGGRESSIVE;
				CLANG_CXX_LANGUAGE_STANDARD = "gnu++14";
				CLANG_CXX_LIBRARY = "libc++";
				CLANG_ENABLE_MODULES = YES;
				CLANG_ENABLE_OBJC_ARC = YES;
				CLANG_ENABLE_OBJC_WEAK = YES;
				CLANG_WARN_BLOCK_CAPTURE_AUTORELEASING = YES;
				CLANG_WARN_BOOL_CONVERSION = YES;
				CLANG_WARN_COMMA = YES;
				CLANG_WARN_CONSTANT_CONVERSION = YES;
				CLANG_WARN_DEPRECATED_OBJC_IMPLEMENTATIONS = YES;
				CLANG_WARN_DIRECT_OBJC_ISA_USAGE = YES_ERROR;
				CLANG_WARN_DOCUMENTATION_COMMENTS = YES;
				CLANG_WARN_EMPTY_BODY = YES;
				CLANG_WARN_ENUM_CONVERSION = YES;
				CLANG_WARN_INFINITE_RECURSION = YES;
				CLANG_WARN_INT_CONVERSION = YES;
				CLANG_WARN_NON_LITERAL_NULL_CONVERSION = YES;
				CLANG_WARN_OBJC_IMPLICIT_RETAIN_SELF = YES;
				CLANG_WARN_OBJC_LITERAL_CONVERSION = YES;
				CLANG_WARN_OBJC_ROOT_CLASS = YES_ERROR;
				CLANG_WARN_RANGE_LOOP_ANALYSIS = YES;
				CLANG_WARN_STRICT_PROTOTYPES = YES;
				CLANG_WARN_SUSPICIOUS_MOVE = YES;
				CLANG_WARN_UNGUARDED_AVAILABILITY = YES_AGGRESSIVE;
				CLANG_WARN_UNREACHABLE_CODE = YES;
				CLANG_WARN__DUPLICATE_METHOD_MATCH = YES;
				CODE_SIGN_IDENTITY = "iPhone Developer";
				COPY_PHASE_STRIP = NO;
				DEBUG_INFORMATION_FORMAT = dwarf;
				ENABLE_STRICT_OBJC_MSGSEND = YES;
				ENABLE_TESTABILITY = YES;
				GCC_C_LANGUAGE_STANDARD = gnu11;
				GCC_DYNAMIC_NO_PIC = NO;
				GCC_NO_COMMON_BLOCKS = YES;
				GCC_OPTIMIZATION_LEVEL = 0;
				GCC_PREPROCESSOR_DEFINITIONS = (
					"DEBUG=1",
					"$(inherited)",
				);
				GCC_WARN_64_TO_32_BIT_CONVERSION = YES;
				GCC_WARN_ABOUT_RETURN_TYPE = YES_ERROR;
				GCC_WARN_UNDECLARED_SELECTOR = YES;
				GCC_WARN_UNINITIALIZED_AUTOS = YES_AGGRESSIVE;
				GCC_WARN_UNUSED_FUNCTION = YES;
				GCC_WARN_UNUSED_VARIABLE = YES;
				IPHONEOS_DEPLOYMENT_TARGET = 11.4;
				MTL_ENABLE_DEBUG_INFO = YES;
				ONLY_ACTIVE_ARCH = YES;
				SDKROOT = iphoneos;
				SWIFT_ACTIVE_COMPILATION_CONDITIONS = DEBUG;
				SWIFT_OPTIMIZATION_LEVEL = "-Onone";
			};
			name = Debug;
		};
		FB1273B6216939C300CD5843 /* Release */ = {
			isa = XCBuildConfiguration;
			buildSettings = {
				ALWAYS_SEARCH_USER_PATHS = NO;
				CLANG_ANALYZER_NONNULL = YES;
				CLANG_ANALYZER_NUMBER_OBJECT_CONVERSION = YES_AGGRESSIVE;
				CLANG_CXX_LANGUAGE_STANDARD = "gnu++14";
				CLANG_CXX_LIBRARY = "libc++";
				CLANG_ENABLE_MODULES = YES;
				CLANG_ENABLE_OBJC_ARC = YES;
				CLANG_ENABLE_OBJC_WEAK = YES;
				CLANG_WARN_BLOCK_CAPTURE_AUTORELEASING = YES;
				CLANG_WARN_BOOL_CONVERSION = YES;
				CLANG_WARN_COMMA = YES;
				CLANG_WARN_CONSTANT_CONVERSION = YES;
				CLANG_WARN_DEPRECATED_OBJC_IMPLEMENTATIONS = YES;
				CLANG_WARN_DIRECT_OBJC_ISA_USAGE = YES_ERROR;
				CLANG_WARN_DOCUMENTATION_COMMENTS = YES;
				CLANG_WARN_EMPTY_BODY = YES;
				CLANG_WARN_ENUM_CONVERSION = YES;
				CLANG_WARN_INFINITE_RECURSION = YES;
				CLANG_WARN_INT_CONVERSION = YES;
				CLANG_WARN_NON_LITERAL_NULL_CONVERSION = YES;
				CLANG_WARN_OBJC_IMPLICIT_RETAIN_SELF = YES;
				CLANG_WARN_OBJC_LITERAL_CONVERSION = YES;
				CLANG_WARN_OBJC_ROOT_CLASS = YES_ERROR;
				CLANG_WARN_RANGE_LOOP_ANALYSIS = YES;
				CLANG_WARN_STRICT_PROTOTYPES = YES;
				CLANG_WARN_SUSPICIOUS_MOVE = YES;
				CLANG_WARN_UNGUARDED_AVAILABILITY = YES_AGGRESSIVE;
				CLANG_WARN_UNREACHABLE_CODE = YES;
				CLANG_WARN__DUPLICATE_METHOD_MATCH = YES;
				CODE_SIGN_IDENTITY = "iPhone Developer";
				COPY_PHASE_STRIP = NO;
				DEBUG_INFORMATION_FORMAT = "dwarf-with-dsym";
				ENABLE_NS_ASSERTIONS = NO;
				ENABLE_STRICT_OBJC_MSGSEND = YES;
				GCC_C_LANGUAGE_STANDARD = gnu11;
				GCC_NO_COMMON_BLOCKS = YES;
				GCC_WARN_64_TO_32_BIT_CONVERSION = YES;
				GCC_WARN_ABOUT_RETURN_TYPE = YES_ERROR;
				GCC_WARN_UNDECLARED_SELECTOR = YES;
				GCC_WARN_UNINITIALIZED_AUTOS = YES_AGGRESSIVE;
				GCC_WARN_UNUSED_FUNCTION = YES;
				GCC_WARN_UNUSED_VARIABLE = YES;
				IPHONEOS_DEPLOYMENT_TARGET = 11.4;
				MTL_ENABLE_DEBUG_INFO = NO;
				SDKROOT = iphoneos;
				SWIFT_COMPILATION_MODE = wholemodule;
				SWIFT_OPTIMIZATION_LEVEL = "-O";
				VALIDATE_PRODUCT = YES;
			};
			name = Release;
		};
		FB1273B8216939C300CD5843 /* Debug */ = {
			isa = XCBuildConfiguration;
			buildSettings = {
				ASSETCATALOG_COMPILER_APPICON_NAME = AppIcon;
				CODE_SIGN_STYLE = Automatic;
				INFOPLIST_FILE = iPlayFadep/Info.plist;
				LD_RUNPATH_SEARCH_PATHS = (
					"$(inherited)",
					"@executable_path/Frameworks",
				);
				PRODUCT_BUNDLE_IDENTIFIER = teste.iPlayFadep;
				PRODUCT_NAME = "$(TARGET_NAME)";
				SWIFT_VERSION = 4.0;
				TARGETED_DEVICE_FAMILY = "1,2";
			};
			name = Debug;
		};
		FB1273B9216939C300CD5843 /* Release */ = {
			isa = XCBuildConfiguration;
			buildSettings = {
				ASSETCATALOG_COMPILER_APPICON_NAME = AppIcon;
				CODE_SIGN_STYLE = Automatic;
				INFOPLIST_FILE = iPlayFadep/Info.plist;
				LD_RUNPATH_SEARCH_PATHS = (
					"$(inherited)",
					"@executable_path/Frameworks",
				);
				PRODUCT_BUNDLE_IDENTIFIER = teste.iPlayFadep;
				PRODUCT_NAME = "$(TARGET_NAME)";
				SWIFT_VERSION = 4.0;
				TARGETED_DEVICE_FAMILY = "1,2";
			};
			name = Release;
		};
/* End XCBuildConfiguration section */

/* Begin XCConfigurationList section */
		FB1273A0216939C000CD5843 /* Build configuration list for PBXProject "iPlayFadep" */ = {
			isa = XCConfigurationList;
			buildConfigurations = (
				FB1273B5216939C300CD5843 /* Debug */,
				FB1273B6216939C300CD5843 /* Release */,
			);
			defaultConfigurationIsVisible = 0;
			defaultConfigurationName = Release;
		};
		FB1273B7216939C300CD5843 /* Build configuration list for PBXNativeTarget "iPlayFadep" */ = {
			isa = XCConfigurationList;
			buildConfigurations = (
				FB1273B8216939C300CD5843 /* Debug */,
				FB1273B9216939C300CD5843 /* Release */,
			);
			defaultConfigurationIsVisible = 0;
			defaultConfigurationName = Release;
		};
/* End XCConfigurationList section */
	};
	rootObject = FB12739D216939C000CD5843 /* Project object */;
}
